
Microsoft Visual Studio Solution File, Format Version 12.00
# Visual Studio Version 17
VisualStudioVersion = 17.5.33414.496
MinimumVisualStudioVersion = 10.0.40219.1
Project("{9A19103F-16F7-4668-BE54-9A1E7A4F7556}") = "GetNXCameraPhotos", "GetNXCameraPhotos.csproj", "{3133E560-D1C8-4424-99F2-9878FF4898FF}"
EndProject
Project("{2150E333-8FDC-42A3-9474-1A3956D46DE8}") = "Элементы решения", "Элементы решения", "{6EF70529-3A9D-4568-A5AA-0E4ED9E4C478}"
	ProjectSection(SolutionItems) = preProject
		Settings.cs = Settings.cs
	EndProjectSection
EndProject
Global
	GlobalSection(SolutionConfigurationPlatforms) = preSolution
		Debug|Any CPU = Debug|Any CPU
		Release|Any CPU = Release|Any CPU
	EndGlobalSection
	GlobalSection(ProjectConfigurationPlatforms) = postSolution
		{3133E560-D1C8-4424-99F2-9878FF4898FF}.Debug|Any CPU.ActiveCfg = Debug|Any CPU
		{3133E560-D1C8-4424-99F2-9878FF4898FF}.Debug|Any CPU.Build.0 = Debug|Any CPU
		{3133E560-D1C8-4424-99F2-9878FF4898FF}.Release|Any CPU.ActiveCfg = Release|Any CPU
		{3133E560-D1C8-4424-99F2-9878FF4898FF}.Release|Any CPU.Build.0 = Release|Any CPU
	EndGlobalSection
	GlobalSection(SolutionProperties) = preSolution
		HideSolutionNode = FALSE
	EndGlobalSection
	GlobalSection(ExtensibilityGlobals) = postSolution
		SolutionGuid = {DA89E2CF-C973-4756-9729-74FC9082038B}
	EndGlobalSection
EndGlobal
